
Microsoft Visual Studio Solution File, Format Version 12.00
# Visual Studio Version 17
VisualStudioVersion = 17.8.34316.72
MinimumVisualStudioVersion = 10.0.40219.1
Project("{9A19103F-16F7-4668-BE54-9A1E7A4F7556}") = "Topic1_DesignUI_Demo", "Topic1_DesignUI_Demo\Topic1_DesignUI_Demo.csproj", "{A69B8298-8CB7-4893-8D45-EE21DF0992F2}"
EndProject
Project("{FAE04EC0-301F-11D3-BF4B-00C04F79EFBC}") = "Topic2_WorkingEF", "Topic2_WorkingEF\Topic2_WorkingEF.csproj", "{68626896-2C02-4668-818E-CF928058A28A}"
EndProject
Global
	GlobalSection(SolutionConfigurationPlatforms) = preSolution
		Debug|Any CPU = Debug|Any CPU
		Release|Any CPU = Release|Any CPU
	EndGlobalSection
	GlobalSection(ProjectConfigurationPlatforms) = postSolution
		{A69B8298-8CB7-4893-8D45-EE21DF0992F2}.Debug|Any CPU.ActiveCfg = Debug|Any CPU
		{A69B8298-8CB7-4893-8D45-EE21DF0992F2}.Debug|Any CPU.Build.0 = Debug|Any CPU
		{A69B8298-8CB7-4893-8D45-EE21DF0992F2}.Release|Any CPU.ActiveCfg = Release|Any CPU
		{A69B8298-8CB7-4893-8D45-EE21DF0992F2}.Release|Any CPU.Build.0 = Release|Any CPU
		{68626896-2C02-4668-818E-CF928058A28A}.Debug|Any CPU.ActiveCfg = Debug|Any CPU
		{68626896-2C02-4668-818E-CF928058A28A}.Debug|Any CPU.Build.0 = Debug|Any CPU
		{68626896-2C02-4668-818E-CF928058A28A}.Release|Any CPU.ActiveCfg = Release|Any CPU
		{68626896-2C02-4668-818E-CF928058A28A}.Release|Any CPU.Build.0 = Release|Any CPU
	EndGlobalSection
	GlobalSection(SolutionProperties) = preSolution
		HideSolutionNode = FALSE
	EndGlobalSection
	GlobalSection(ExtensibilityGlobals) = postSolution
		SolutionGuid = {B491F2F6-AAC4-454F-A0AF-1E8C644C01E3}
	EndGlobalSection
EndGlobal
